// !$*UTF8*$!
{
	archiveVersion = 1;
	classes = {
	};
	objectVersion = 46;
	objects = {

/* Begin PBXBuildFile section */
		850667F11D943B2800F1215C /* lut.cl in Sources */ = {isa = PBXBuildFile; fileRef = 850667F01D943B2800F1215C /* lut.cl */; };
		850667F31D943E1E00F1215C /* main.cpp in Sources */ = {isa = PBXBuildFile; fileRef = 850667F21D943E1E00F1215C /* main.cpp */; };
		850668281D94664000F1215C /* azUtils.cpp in Sources */ = {isa = PBXBuildFile; fileRef = 850668191D94664000F1215C /* azUtils.cpp */; };
		850668291D94664000F1215C /* motionUtils.cpp in Sources */ = {isa = PBXBuildFile; fileRef = 8506681C1D94664000F1215C /* motionUtils.cpp */; };
		8506682A1D94664000F1215C /* recShot.cpp in Sources */ = {isa = PBXBuildFile; fileRef = 8506681F1D94664000F1215C /* recShot.cpp */; };
		8506682B1D94664000F1215C /* velocityUtils.cpp in Sources */ = {isa = PBXBuildFile; fileRef = 850668231D94664000F1215C /* velocityUtils.cpp */; };
		8506682C1D94664000F1215C /* worldParams.cpp in Sources */ = {isa = PBXBuildFile; fileRef = 850668251D94664000F1215C /* worldParams.cpp */; };
		8506682D1D94683600F1215C /* main.cpp.other in Sources */ = {isa = PBXBuildFile; fileRef = 850668181D945F1E00F1215C /* main.cpp.other */; };
		852C42EE1D913925001B7CCD /* bloskern.cl in Sources */ = {isa = PBXBuildFile; fileRef = 852C42ED1D913925001B7CCD /* bloskern.cl */; };
		941F54D11B29A027004A9C8E /* utils.cpp in Sources */ = {isa = PBXBuildFile; fileRef = 941F54CF1B29A027004A9C8E /* utils.cpp */; };
		94AEA3BD1B14F68900D07C96 /* OpenCL.framework in Frameworks */ = {isa = PBXBuildFile; fileRef = 94AEA3BC1B14F68900D07C96 /* OpenCL.framework */; };
		94DBDA391B2AFCE400F1EE69 /* main.cpp.pip in Sources */ = {isa = PBXBuildFile; fileRef = 94DBDA381B2AFCE400F1EE69 /* main.cpp.pip */; };
/* End PBXBuildFile section */

/* Begin PBXCopyFilesBuildPhase section */
		94AEA3AD1B14EE6800D07C96 /* CopyFiles */ = {
			isa = PBXCopyFilesBuildPhase;
			buildActionMask = 2147483647;
			dstPath = /usr/share/man/man1/;
			dstSubfolderSpec = 0;
			files = (
			);
			runOnlyForDeploymentPostprocessing = 1;
		};
/* End PBXCopyFilesBuildPhase section */

/* Begin PBXFileReference section */
		850667F01D943B2800F1215C /* lut.cl */ = {isa = PBXFileReference; fileEncoding = 4; lastKnownFileType = sourcecode.opencl; path = lut.cl; sourceTree = "<group>"; };
		850667F21D943E1E00F1215C /* main.cpp */ = {isa = PBXFileReference; fileEncoding = 4; lastKnownFileType = sourcecode.cpp.cpp; name = main.cpp; path = ../main.cpp; sourceTree = "<group>"; };
		850668181D945F1E00F1215C /* main.cpp.other */ = {isa = PBXFileReference; fileEncoding = 4; lastKnownFileType = text; name = main.cpp.other; path = ../main.cpp.other; sourceTree = "<group>"; };
		850668191D94664000F1215C /* azUtils.cpp */ = {isa = PBXFileReference; fileEncoding = 4; lastKnownFileType = sourcecode.cpp.cpp; name = azUtils.cpp; path = ../../../workspace/blosmp/src/azUtils.cpp; sourceTree = "<group>"; };
		8506681A1D94664000F1215C /* azUtils.h */ = {isa = PBXFileReference; fileEncoding = 4; lastKnownFileType = sourcecode.c.h; name = azUtils.h; path = ../../../workspace/blosmp/src/azUtils.h; sourceTree = "<group>"; };
		8506681B1D94664000F1215C /* force.h */ = {isa = PBXFileReference; fileEncoding = 4; lastKnownFileType = sourcecode.c.h; name = force.h; path = ../../../workspace/blosmp/src/force.h; sourceTree = "<group>"; };
		8506681C1D94664000F1215C /* motionUtils.cpp */ = {isa = PBXFileReference; fileEncoding = 4; lastKnownFileType = sourcecode.cpp.cpp; name = motionUtils.cpp; path = ../../../workspace/blosmp/src/motionUtils.cpp; sourceTree = "<group>"; };
		8506681D1D94664000F1215C /* motionUtils.h */ = {isa = PBXFileReference; fileEncoding = 4; lastKnownFileType = sourcecode.c.h; name = motionUtils.h; path = ../../../workspace/blosmp/src/motionUtils.h; sourceTree = "<group>"; };
		8506681E1D94664000F1215C /* position.h */ = {isa = PBXFileReference; fileEncoding = 4; lastKnownFileType = sourcecode.c.h; name = position.h; path = ../../../workspace/blosmp/src/position.h; sourceTree = "<group>"; };
		8506681F1D94664000F1215C /* recShot.cpp */ = {isa = PBXFileReference; fileEncoding = 4; lastKnownFileType = sourcecode.cpp.cpp; name = recShot.cpp; path = ../../../workspace/blosmp/src/recShot.cpp; sourceTree = "<group>"; };
		850668201D94664000F1215C /* recShot.h */ = {isa = PBXFileReference; fileEncoding = 4; lastKnownFileType = sourcecode.c.h; name = recShot.h; path = ../../../workspace/blosmp/src/recShot.h; sourceTree = "<group>"; };
		850668211D94664000F1215C /* trajectory.h */ = {isa = PBXFileReference; fileEncoding = 4; lastKnownFileType = sourcecode.c.h; name = trajectory.h; path = ../../../workspace/blosmp/src/trajectory.h; sourceTree = "<group>"; };
		850668221D94664000F1215C /* velocity.h */ = {isa = PBXFileReference; fileEncoding = 4; lastKnownFileType = sourcecode.c.h; name = velocity.h; path = ../../../workspace/blosmp/src/velocity.h; sourceTree = "<group>"; };
		850668231D94664000F1215C /* velocityUtils.cpp */ = {isa = PBXFileReference; fileEncoding = 4; lastKnownFileType = sourcecode.cpp.cpp; name = velocityUtils.cpp; path = ../../../workspace/blosmp/src/velocityUtils.cpp; sourceTree = "<group>"; };
		850668241D94664000F1215C /* velocityUtils.h */ = {isa = PBXFileReference; fileEncoding = 4; lastKnownFileType = sourcecode.c.h; name = velocityUtils.h; path = ../../../workspace/blosmp/src/velocityUtils.h; sourceTree = "<group>"; };
		850668251D94664000F1215C /* worldParams.cpp */ = {isa = PBXFileReference; fileEncoding = 4; lastKnownFileType = sourcecode.cpp.cpp; name = worldParams.cpp; path = ../../../workspace/blosmp/src/worldParams.cpp; sourceTree = "<group>"; };
		850668261D94664000F1215C /* worldParams.h */ = {isa = PBXFileReference; fileEncoding = 4; lastKnownFileType = sourcecode.c.h; name = worldParams.h; path = ../../../workspace/blosmp/src/worldParams.h; sourceTree = "<group>"; };
		850668271D94664000F1215C /* xyzVect.h */ = {isa = PBXFileReference; fileEncoding = 4; lastKnownFileType = sourcecode.c.h; name = xyzVect.h; path = ../../../workspace/blosmp/src/xyzVect.h; sourceTree = "<group>"; };
		852C42ED1D913925001B7CCD /* bloskern.cl */ = {isa = PBXFileReference; fileEncoding = 4; lastKnownFileType = sourcecode.opencl; path = bloskern.cl; sourceTree = "<group>"; };
		85730B8D1D88861C0080A6EF /* build.sh */ = {isa = PBXFileReference; lastKnownFileType = text.script.sh; path = build.sh; sourceTree = "<group>"; };
		941F54CA1B28C284004A9C8E /* simplekern.cl.h */ = {isa = PBXFileReference; lastKnownFileType = sourcecode.c.h; path = simplekern.cl.h; sourceTree = "<group>"; };
		941F54CB1B28C2D3004A9C8E /* main.cpp.applehelp */ = {isa = PBXFileReference; fileEncoding = 4; lastKnownFileType = text; path = main.cpp.applehelp; sourceTree = "<group>"; };
		941F54CF1B29A027004A9C8E /* utils.cpp */ = {isa = PBXFileReference; fileEncoding = 4; lastKnownFileType = sourcecode.cpp.cpp; path = utils.cpp; sourceTree = "<group>"; };
		941F54D01B29A027004A9C8E /* utils.h */ = {isa = PBXFileReference; fileEncoding = 4; lastKnownFileType = sourcecode.c.h; path = utils.h; sourceTree = "<group>"; };
		94AEA3AF1B14EE6800D07C96 /* gputest1 */ = {isa = PBXFileReference; explicitFileType = "compiled.mach-o.executable"; includeInIndex = 0; path = gputest1; sourceTree = BUILT_PRODUCTS_DIR; };
		94AEA3B21B14EE6800D07C96 /* main.cpp.full */ = {isa = PBXFileReference; lastKnownFileType = text; path = main.cpp.full; sourceTree = "<group>"; };
		94AEA3B91B14EF0D00D07C96 /* kernel.c */ = {isa = PBXFileReference; fileEncoding = 4; lastKnownFileType = sourcecode.c.c; path = kernel.c; sourceTree = "<group>"; };
		94AEA3BA1B14EF0D00D07C96 /* kernel.h */ = {isa = PBXFileReference; fileEncoding = 4; lastKnownFileType = sourcecode.c.h; path = kernel.h; sourceTree = "<group>"; };
		94AEA3BC1B14F68900D07C96 /* OpenCL.framework */ = {isa = PBXFileReference; lastKnownFileType = wrapper.framework; name = OpenCL.framework; path = System/Library/Frameworks/OpenCL.framework; sourceTree = SDKROOT; };
		94AEA3C21B21D45000D07C96 /* simplekern.cl.bak */ = {isa = PBXFileReference; fileEncoding = 4; lastKnownFileType = text; path = simplekern.cl.bak; sourceTree = "<group>"; };
		94DBDA381B2AFCE400F1EE69 /* main.cpp.pip */ = {isa = PBXFileReference; fileEncoding = 4; lastKnownFileType = text; path = main.cpp.pip; sourceTree = "<group>"; };
/* End PBXFileReference section */

/* Begin PBXFrameworksBuildPhase section */
		94AEA3AC1B14EE6800D07C96 /* Frameworks */ = {
			isa = PBXFrameworksBuildPhase;
			buildActionMask = 2147483647;
			files = (
				94AEA3BD1B14F68900D07C96 /* OpenCL.framework in Frameworks */,
			);
			runOnlyForDeploymentPostprocessing = 0;
		};
/* End PBXFrameworksBuildPhase section */

/* Begin PBXGroup section */
		94AEA3A61B14EE6800D07C96 = {
			isa = PBXGroup;
			children = (
				94AEA3BC1B14F68900D07C96 /* OpenCL.framework */,
				94AEA3B11B14EE6800D07C96 /* gputest1 */,
				94AEA3B01B14EE6800D07C96 /* Products */,
			);
			sourceTree = "<group>";
		};
		94AEA3B01B14EE6800D07C96 /* Products */ = {
			isa = PBXGroup;
			children = (
				94AEA3AF1B14EE6800D07C96 /* gputest1 */,
			);
			name = Products;
			sourceTree = "<group>";
		};
		94AEA3B11B14EE6800D07C96 /* gputest1 */ = {
			isa = PBXGroup;
			children = (
				850668191D94664000F1215C /* azUtils.cpp */,
				8506681A1D94664000F1215C /* azUtils.h */,
				8506681B1D94664000F1215C /* force.h */,
				8506681C1D94664000F1215C /* motionUtils.cpp */,
				8506681D1D94664000F1215C /* motionUtils.h */,
				8506681E1D94664000F1215C /* position.h */,
				8506681F1D94664000F1215C /* recShot.cpp */,
				850668201D94664000F1215C /* recShot.h */,
				850668211D94664000F1215C /* trajectory.h */,
				850668221D94664000F1215C /* velocity.h */,
				850668231D94664000F1215C /* velocityUtils.cpp */,
				850668241D94664000F1215C /* velocityUtils.h */,
				850668251D94664000F1215C /* worldParams.cpp */,
				850668261D94664000F1215C /* worldParams.h */,
				850668271D94664000F1215C /* xyzVect.h */,
				850667F21D943E1E00F1215C /* main.cpp */,
				850668181D945F1E00F1215C /* main.cpp.other */,
				94DBDA381B2AFCE400F1EE69 /* main.cpp.pip */,
				94AEA3B21B14EE6800D07C96 /* main.cpp.full */,
				850667F01D943B2800F1215C /* lut.cl */,
				94AEA3B91B14EF0D00D07C96 /* kernel.c */,
				94AEA3BA1B14EF0D00D07C96 /* kernel.h */,
				94AEA3C21B21D45000D07C96 /* simplekern.cl.bak */,
				852C42ED1D913925001B7CCD /* bloskern.cl */,
				941F54CA1B28C284004A9C8E /* simplekern.cl.h */,
				941F54CB1B28C2D3004A9C8E /* main.cpp.applehelp */,
				941F54CF1B29A027004A9C8E /* utils.cpp */,
				941F54D01B29A027004A9C8E /* utils.h */,
				85730B8D1D88861C0080A6EF /* build.sh */,
			);
			path = gputest1;
			sourceTree = "<group>";
		};
/* End PBXGroup section */

/* Begin PBXNativeTarget section */
		94AEA3AE1B14EE6800D07C96 /* gputest1 */ = {
			isa = PBXNativeTarget;
			buildConfigurationList = 94AEA3B61B14EE6800D07C96 /* Build configuration list for PBXNativeTarget "gputest1" */;
			buildPhases = (
				94AEA3AB1B14EE6800D07C96 /* Sources */,
				94AEA3AC1B14EE6800D07C96 /* Frameworks */,
				94AEA3AD1B14EE6800D07C96 /* CopyFiles */,
			);
			buildRules = (
			);
			dependencies = (
			);
			name = gputest1;
			productName = gputest1;
			productReference = 94AEA3AF1B14EE6800D07C96 /* gputest1 */;
			productType = "com.apple.product-type.tool";
		};
/* End PBXNativeTarget section */

/* Begin PBXProject section */
		94AEA3A71B14EE6800D07C96 /* Project object */ = {
			isa = PBXProject;
			attributes = {
				LastUpgradeCheck = 0630;
				ORGANIZATIONNAME = "Chris Nicholas";
				TargetAttributes = {
					94AEA3AE1B14EE6800D07C96 = {
						CreatedOnToolsVersion = 6.3.2;
					};
				};
			};
			buildConfigurationList = 94AEA3AA1B14EE6800D07C96 /* Build configuration list for PBXProject "gputest1" */;
			compatibilityVersion = "Xcode 3.2";
			developmentRegion = English;
			hasScannedForEncodings = 0;
			knownRegions = (
				en,
			);
			mainGroup = 94AEA3A61B14EE6800D07C96;
			productRefGroup = 94AEA3B01B14EE6800D07C96 /* Products */;
			projectDirPath = "";
			projectRoot = "";
			targets = (
				94AEA3AE1B14EE6800D07C96 /* gputest1 */,
			);
		};
/* End PBXProject section */

/* Begin PBXSourcesBuildPhase section */
		94AEA3AB1B14EE6800D07C96 /* Sources */ = {
			isa = PBXSourcesBuildPhase;
			buildActionMask = 2147483647;
			files = (
				850667F31D943E1E00F1215C /* main.cpp in Sources */,
				941F54D11B29A027004A9C8E /* utils.cpp in Sources */,
				8506682C1D94664000F1215C /* worldParams.cpp in Sources */,
				850668291D94664000F1215C /* motionUtils.cpp in Sources */,
				8506682D1D94683600F1215C /* main.cpp.other in Sources */,
				850668281D94664000F1215C /* azUtils.cpp in Sources */,
				8506682A1D94664000F1215C /* recShot.cpp in Sources */,
				94DBDA391B2AFCE400F1EE69 /* main.cpp.pip in Sources */,
				852C42EE1D913925001B7CCD /* bloskern.cl in Sources */,
				8506682B1D94664000F1215C /* velocityUtils.cpp in Sources */,
				850667F11D943B2800F1215C /* lut.cl in Sources */,
			);
			runOnlyForDeploymentPostprocessing = 0;
		};
/* End PBXSourcesBuildPhase section */

/* Begin XCBuildConfiguration section */
		94AEA3B41B14EE6800D07C96 /* Debug */ = {
			isa = XCBuildConfiguration;
			buildSettings = {
				ALWAYS_SEARCH_USER_PATHS = NO;
				CLANG_CXX_LANGUAGE_STANDARD = "gnu++0x";
				CLANG_CXX_LIBRARY = "libc++";
				CLANG_ENABLE_MODULES = YES;
				CLANG_ENABLE_OBJC_ARC = YES;
				CLANG_WARN_BOOL_CONVERSION = YES;
				CLANG_WARN_CONSTANT_CONVERSION = YES;
				CLANG_WARN_DIRECT_OBJC_ISA_USAGE = YES_ERROR;
				CLANG_WARN_EMPTY_BODY = YES;
				CLANG_WARN_ENUM_CONVERSION = YES;
				CLANG_WARN_INT_CONVERSION = YES;
				CLANG_WARN_OBJC_ROOT_CLASS = YES_ERROR;
				CLANG_WARN_UNREACHABLE_CODE = YES;
				CLANG_WARN__DUPLICATE_METHOD_MATCH = YES;
				COPY_PHASE_STRIP = NO;
				DEBUG_INFORMATION_FORMAT = dwarf;
				ENABLE_STRICT_OBJC_MSGSEND = YES;
				GCC_C_LANGUAGE_STANDARD = gnu99;
				GCC_DYNAMIC_NO_PIC = NO;
				GCC_NO_COMMON_BLOCKS = YES;
				GCC_OPTIMIZATION_LEVEL = 0;
				GCC_PREPROCESSOR_DEFINITIONS = (
					"DEBUG=1",
					"$(inherited)",
				);
				GCC_SYMBOLS_PRIVATE_EXTERN = NO;
				GCC_WARN_64_TO_32_BIT_CONVERSION = YES;
				GCC_WARN_ABOUT_RETURN_TYPE = YES_ERROR;
				GCC_WARN_UNDECLARED_SELECTOR = YES;
				GCC_WARN_UNINITIALIZED_AUTOS = YES_AGGRESSIVE;
				GCC_WARN_UNUSED_FUNCTION = YES;
				GCC_WARN_UNUSED_VARIABLE = YES;
				MACOSX_DEPLOYMENT_TARGET = 10.10;
				MTL_ENABLE_DEBUG_INFO = YES;
				ONLY_ACTIVE_ARCH = YES;
				SDKROOT = macosx;
			};
			name = Debug;
		};
		94AEA3B51B14EE6800D07C96 /* Release */ = {
			isa = XCBuildConfiguration;
			buildSettings = {
				ALWAYS_SEARCH_USER_PATHS = NO;
				CLANG_CXX_LANGUAGE_STANDARD = "gnu++0x";
				CLANG_CXX_LIBRARY = "libc++";
				CLANG_ENABLE_MODULES = YES;
				CLANG_ENABLE_OBJC_ARC = YES;
				CLANG_WARN_BOOL_CONVERSION = YES;
				CLANG_WARN_CONSTANT_CONVERSION = YES;
				CLANG_WARN_DIRECT_OBJC_ISA_USAGE = YES_ERROR;
				CLANG_WARN_EMPTY_BODY = YES;
				CLANG_WARN_ENUM_CONVERSION = YES;
				CLANG_WARN_INT_CONVERSION = YES;
				CLANG_WARN_OBJC_ROOT_CLASS = YES_ERROR;
				CLANG_WARN_UNREACHABLE_CODE = YES;
				CLANG_WARN__DUPLICATE_METHOD_MATCH = YES;
				COPY_PHASE_STRIP = NO;
				DEBUG_INFORMATION_FORMAT = "dwarf-with-dsym";
				ENABLE_NS_ASSERTIONS = NO;
				ENABLE_STRICT_OBJC_MSGSEND = YES;
				GCC_C_LANGUAGE_STANDARD = gnu99;
				GCC_NO_COMMON_BLOCKS = YES;
				GCC_WARN_64_TO_32_BIT_CONVERSION = YES;
				GCC_WARN_ABOUT_RETURN_TYPE = YES_ERROR;
				GCC_WARN_UNDECLARED_SELECTOR = YES;
				GCC_WARN_UNINITIALIZED_AUTOS = YES_AGGRESSIVE;
				GCC_WARN_UNUSED_FUNCTION = YES;
				GCC_WARN_UNUSED_VARIABLE = YES;
				MACOSX_DEPLOYMENT_TARGET = 10.10;
				MTL_ENABLE_DEBUG_INFO = NO;
				SDKROOT = macosx;
			};
			name = Release;
		};
		94AEA3B71B14EE6800D07C96 /* Debug */ = {
			isa = XCBuildConfiguration;
			buildSettings = {
				ALWAYS_SEARCH_USER_PATHS = YES;
				"HEADER_SEARCH_PATHS[arch=*]" = (
					"$(inherited)",
					/Applications/Xcode.app/Contents/Developer/Toolchains/XcodeDefault.xctoolchain/usr/include,
					/usr/local/include/,
				);
				"LIBRARY_SEARCH_PATHS[arch=*]" = /usr/local/lib/;
				"OTHER_LDFLAGS[arch=*]" = "-lgdal";
				PRODUCT_NAME = "$(TARGET_NAME)";
				"USER_HEADER_SEARCH_PATHS[arch=*]" = /System/Library/Frameworks/OpenCL.framework/Versions/A/Headers;
			};
			name = Debug;
		};
		94AEA3B81B14EE6800D07C96 /* Release */ = {
			isa = XCBuildConfiguration;
			buildSettings = {
				ALWAYS_SEARCH_USER_PATHS = YES;
				"HEADER_SEARCH_PATHS[arch=*]" = (
					"$(inherited)",
					/Applications/Xcode.app/Contents/Developer/Toolchains/XcodeDefault.xctoolchain/usr/include,
					/usr/local/include/,
				);
				"LIBRARY_SEARCH_PATHS[arch=*]" = /usr/local/lib/;
				"OTHER_LDFLAGS[arch=*]" = "-lgdal";
				PRODUCT_NAME = "$(TARGET_NAME)";
				"USER_HEADER_SEARCH_PATHS[arch=*]" = /System/Library/Frameworks/OpenCL.framework/Versions/A/Headers;
			};
			name = Release;
		};
/* End XCBuildConfiguration section */

/* Begin XCConfigurationList section */
		94AEA3AA1B14EE6800D07C96 /* Build configuration list for PBXProject "gputest1" */ = {
			isa = XCConfigurationList;
			buildConfigurations = (
				94AEA3B41B14EE6800D07C96 /* Debug */,
				94AEA3B51B14EE6800D07C96 /* Release */,
			);
			defaultConfigurationIsVisible = 0;
			defaultConfigurationName = Release;
		};
		94AEA3B61B14EE6800D07C96 /* Build configuration list for PBXNativeTarget "gputest1" */ = {
			isa = XCConfigurationList;
			buildConfigurations = (
				94AEA3B71B14EE6800D07C96 /* Debug */,
				94AEA3B81B14EE6800D07C96 /* Release */,
			);
			defaultConfigurationIsVisible = 0;
			defaultConfigurationName = Release;
		};
/* End XCConfigurationList section */
	};
	rootObject = 94AEA3A71B14EE6800D07C96 /* Project object */;
}
