// !$*UTF8*$!
{
	archiveVersion = 1;
	classes = {
	};
	objectVersion = 46;
	objects = {

/* Begin PBXBuildFile section */
		9418CC841B2F7A6800168646 /* main.cpp in Sources */ = {isa = PBXBuildFile; fileRef = 9418CC831B2F7A6800168646 /* main.cpp */; };
		941F54D11B29A027004A9C8E /* utils.cpp in Sources */ = {isa = PBXBuildFile; fileRef = 941F54CF1B29A027004A9C8E /* utils.cpp */; };
		94AEA3BD1B14F68900D07C96 /* OpenCL.framework in Frameworks */ = {isa = PBXBuildFile; fileRef = 94AEA3BC1B14F68900D07C96 /* OpenCL.framework */; };
		94DBDA391B2AFCE400F1EE69 /* main.cpp.singlekern in Sources */ = {isa = PBXBuildFile; fileRef = 94DBDA381B2AFCE400F1EE69 /* main.cpp.singlekern */; };
/* End PBXBuildFile section */

/* Begin PBXCopyFilesBuildPhase section */
		94AEA3AD1B14EE6800D07C96 /* CopyFiles */ = {
			isa = PBXCopyFilesBuildPhase;
			buildActionMask = 2147483647;
			dstPath = /usr/share/man/man1/;
			dstSubfolderSpec = 0;
			files = (
			);
			runOnlyForDeploymentPostprocessing = 1;
		};
/* End PBXCopyFilesBuildPhase section */

/* Begin PBXFileReference section */
		9418CC831B2F7A6800168646 /* main.cpp */ = {isa = PBXFileReference; fileEncoding = 4; lastKnownFileType = sourcecode.cpp.cpp; path = main.cpp; sourceTree = "<group>"; };
		941F54CA1B28C284004A9C8E /* simplekern.cl.h */ = {isa = PBXFileReference; lastKnownFileType = sourcecode.c.h; path = simplekern.cl.h; sourceTree = "<group>"; };
		941F54CB1B28C2D3004A9C8E /* main.cpp.applehelp */ = {isa = PBXFileReference; fileEncoding = 4; lastKnownFileType = text; path = main.cpp.applehelp; sourceTree = "<group>"; };
		941F54CD1B29905B004A9C8E /* build_settings */ = {isa = PBXFileReference; fileEncoding = 4; lastKnownFileType = text; path = build_settings; sourceTree = "<group>"; };
		941F54CE1B2992CC004A9C8E /* working_basicint */ = {isa = PBXFileReference; fileEncoding = 4; lastKnownFileType = text; path = working_basicint; sourceTree = "<group>"; };
		941F54CF1B29A027004A9C8E /* utils.cpp */ = {isa = PBXFileReference; fileEncoding = 4; lastKnownFileType = sourcecode.cpp.cpp; path = utils.cpp; sourceTree = "<group>"; };
		941F54D01B29A027004A9C8E /* utils.h */ = {isa = PBXFileReference; fileEncoding = 4; lastKnownFileType = sourcecode.c.h; path = utils.h; sourceTree = "<group>"; };
		94676F271B29C03400EA5CC6 /* recShot.cpp */ = {isa = PBXFileReference; fileEncoding = 4; lastKnownFileType = sourcecode.cpp.cpp; path = recShot.cpp; sourceTree = "<group>"; };
		94676F281B29C03400EA5CC6 /* recShot.h */ = {isa = PBXFileReference; fileEncoding = 4; lastKnownFileType = sourcecode.c.h; path = recShot.h; sourceTree = "<group>"; };
		94676F2A1B29C06600EA5CC6 /* velocity.h */ = {isa = PBXFileReference; lastKnownFileType = sourcecode.c.h; path = velocity.h; sourceTree = "<group>"; };
		94676F371B29C20600EA5CC6 /* azUtils.cpp */ = {isa = PBXFileReference; fileEncoding = 4; lastKnownFileType = sourcecode.cpp.cpp; path = azUtils.cpp; sourceTree = "<group>"; };
		94676F381B29C20600EA5CC6 /* azUtils.h */ = {isa = PBXFileReference; fileEncoding = 4; lastKnownFileType = sourcecode.c.h; path = azUtils.h; sourceTree = "<group>"; };
		94676F391B29C20600EA5CC6 /* velocityUtils.cpp */ = {isa = PBXFileReference; fileEncoding = 4; lastKnownFileType = sourcecode.cpp.cpp; path = velocityUtils.cpp; sourceTree = "<group>"; };
		94676F3A1B29C20600EA5CC6 /* velocityUtils.h */ = {isa = PBXFileReference; fileEncoding = 4; lastKnownFileType = sourcecode.c.h; path = velocityUtils.h; sourceTree = "<group>"; };
		94676F3B1B29C20600EA5CC6 /* worldParams.cpp */ = {isa = PBXFileReference; fileEncoding = 4; lastKnownFileType = sourcecode.cpp.cpp; path = worldParams.cpp; sourceTree = "<group>"; };
		94676F3C1B29C20600EA5CC6 /* worldParams.h */ = {isa = PBXFileReference; fileEncoding = 4; lastKnownFileType = sourcecode.c.h; path = worldParams.h; sourceTree = "<group>"; };
		94676F401B29C26400EA5CC6 /* acceleration.h */ = {isa = PBXFileReference; fileEncoding = 4; lastKnownFileType = sourcecode.c.h; path = acceleration.h; sourceTree = "<group>"; };
		94676F411B29C2FC00EA5CC6 /* motionUtils.cpp */ = {isa = PBXFileReference; fileEncoding = 4; lastKnownFileType = sourcecode.cpp.cpp; path = motionUtils.cpp; sourceTree = "<group>"; };
		94676F421B29C2FC00EA5CC6 /* motionUtils.h */ = {isa = PBXFileReference; fileEncoding = 4; lastKnownFileType = sourcecode.c.h; path = motionUtils.h; sourceTree = "<group>"; };
		94676F441B29CC4500EA5CC6 /* distUtils.cpp */ = {isa = PBXFileReference; fileEncoding = 4; lastKnownFileType = sourcecode.cpp.cpp; path = distUtils.cpp; sourceTree = "<group>"; };
		94676F451B29CC4500EA5CC6 /* distUtils.h */ = {isa = PBXFileReference; fileEncoding = 4; lastKnownFileType = sourcecode.c.h; path = distUtils.h; sourceTree = "<group>"; };
		94676F471B29D74F00EA5CC6 /* main.cpp.fucked */ = {isa = PBXFileReference; fileEncoding = 4; lastKnownFileType = text; path = main.cpp.fucked; sourceTree = "<group>"; };
		94AEA3AF1B14EE6800D07C96 /* gputest1 */ = {isa = PBXFileReference; explicitFileType = "compiled.mach-o.executable"; includeInIndex = 0; path = gputest1; sourceTree = BUILT_PRODUCTS_DIR; };
		94AEA3B21B14EE6800D07C96 /* main.cpp.full */ = {isa = PBXFileReference; lastKnownFileType = text; path = main.cpp.full; sourceTree = "<group>"; };
		94AEA3B91B14EF0D00D07C96 /* kernel.c */ = {isa = PBXFileReference; fileEncoding = 4; lastKnownFileType = sourcecode.c.c; path = kernel.c; sourceTree = "<group>"; };
		94AEA3BA1B14EF0D00D07C96 /* kernel.h */ = {isa = PBXFileReference; fileEncoding = 4; lastKnownFileType = sourcecode.c.h; path = kernel.h; sourceTree = "<group>"; };
		94AEA3BC1B14F68900D07C96 /* OpenCL.framework */ = {isa = PBXFileReference; lastKnownFileType = wrapper.framework; name = OpenCL.framework; path = System/Library/Frameworks/OpenCL.framework; sourceTree = SDKROOT; };
		94AEA3BE1B1C35D300D07C96 /* intersect.cpp */ = {isa = PBXFileReference; fileEncoding = 4; lastKnownFileType = sourcecode.cpp.cpp; path = intersect.cpp; sourceTree = "<group>"; };
		94AEA3BF1B1C35D300D07C96 /* intersect.h */ = {isa = PBXFileReference; fileEncoding = 4; lastKnownFileType = sourcecode.c.h; path = intersect.h; sourceTree = "<group>"; };
		94AEA3C11B1C362700D07C96 /* position.h */ = {isa = PBXFileReference; lastKnownFileType = sourcecode.c.h; path = position.h; sourceTree = "<group>"; };
		94AEA3C21B21D45000D07C96 /* simplekern.cl */ = {isa = PBXFileReference; fileEncoding = 4; lastKnownFileType = sourcecode.opencl; path = simplekern.cl; sourceTree = "<group>"; };
		94DBDA381B2AFCE400F1EE69 /* main.cpp.singlekern */ = {isa = PBXFileReference; fileEncoding = 4; lastKnownFileType = text; path = main.cpp.singlekern; sourceTree = "<group>"; };
		94E445B21B2E1C9A0040918A /* optUtils.cpp */ = {isa = PBXFileReference; fileEncoding = 4; lastKnownFileType = sourcecode.cpp.cpp; path = optUtils.cpp; sourceTree = "<group>"; };
/* End PBXFileReference section */

/* Begin PBXFrameworksBuildPhase section */
		94AEA3AC1B14EE6800D07C96 /* Frameworks */ = {
			isa = PBXFrameworksBuildPhase;
			buildActionMask = 2147483647;
			files = (
				94AEA3BD1B14F68900D07C96 /* OpenCL.framework in Frameworks */,
			);
			runOnlyForDeploymentPostprocessing = 0;
		};
/* End PBXFrameworksBuildPhase section */

/* Begin PBXGroup section */
		94AEA3A61B14EE6800D07C96 = {
			isa = PBXGroup;
			children = (
				94AEA3BC1B14F68900D07C96 /* OpenCL.framework */,
				94AEA3B11B14EE6800D07C96 /* gputest1 */,
				94AEA3B01B14EE6800D07C96 /* Products */,
			);
			sourceTree = "<group>";
		};
		94AEA3B01B14EE6800D07C96 /* Products */ = {
			isa = PBXGroup;
			children = (
				94AEA3AF1B14EE6800D07C96 /* gputest1 */,
			);
			name = Products;
			sourceTree = "<group>";
		};
		94AEA3B11B14EE6800D07C96 /* gputest1 */ = {
			isa = PBXGroup;
			children = (
				94E445B21B2E1C9A0040918A /* optUtils.cpp */,
				94676F441B29CC4500EA5CC6 /* distUtils.cpp */,
				94676F451B29CC4500EA5CC6 /* distUtils.h */,
				94676F411B29C2FC00EA5CC6 /* motionUtils.cpp */,
				94676F421B29C2FC00EA5CC6 /* motionUtils.h */,
				94676F401B29C26400EA5CC6 /* acceleration.h */,
				94676F371B29C20600EA5CC6 /* azUtils.cpp */,
				94676F381B29C20600EA5CC6 /* azUtils.h */,
				94676F391B29C20600EA5CC6 /* velocityUtils.cpp */,
				94676F3A1B29C20600EA5CC6 /* velocityUtils.h */,
				94676F3B1B29C20600EA5CC6 /* worldParams.cpp */,
				94676F3C1B29C20600EA5CC6 /* worldParams.h */,
				94AEA3B21B14EE6800D07C96 /* main.cpp.full */,
				94AEA3B91B14EF0D00D07C96 /* kernel.c */,
				94AEA3BA1B14EF0D00D07C96 /* kernel.h */,
				94AEA3BE1B1C35D300D07C96 /* intersect.cpp */,
				94AEA3BF1B1C35D300D07C96 /* intersect.h */,
				94AEA3C11B1C362700D07C96 /* position.h */,
				94AEA3C21B21D45000D07C96 /* simplekern.cl */,
				941F54CA1B28C284004A9C8E /* simplekern.cl.h */,
				941F54CB1B28C2D3004A9C8E /* main.cpp.applehelp */,
				941F54CD1B29905B004A9C8E /* build_settings */,
				941F54CE1B2992CC004A9C8E /* working_basicint */,
				941F54CF1B29A027004A9C8E /* utils.cpp */,
				941F54D01B29A027004A9C8E /* utils.h */,
				94676F271B29C03400EA5CC6 /* recShot.cpp */,
				94676F281B29C03400EA5CC6 /* recShot.h */,
				94676F2A1B29C06600EA5CC6 /* velocity.h */,
				94676F471B29D74F00EA5CC6 /* main.cpp.fucked */,
				94DBDA381B2AFCE400F1EE69 /* main.cpp.singlekern */,
				9418CC831B2F7A6800168646 /* main.cpp */,
			);
			path = gputest1;
			sourceTree = "<group>";
		};
/* End PBXGroup section */

/* Begin PBXNativeTarget section */
		94AEA3AE1B14EE6800D07C96 /* gputest1 */ = {
			isa = PBXNativeTarget;
			buildConfigurationList = 94AEA3B61B14EE6800D07C96 /* Build configuration list for PBXNativeTarget "gputest1" */;
			buildPhases = (
				94AEA3AB1B14EE6800D07C96 /* Sources */,
				94AEA3AC1B14EE6800D07C96 /* Frameworks */,
				94AEA3AD1B14EE6800D07C96 /* CopyFiles */,
			);
			buildRules = (
			);
			dependencies = (
			);
			name = gputest1;
			productName = gputest1;
			productReference = 94AEA3AF1B14EE6800D07C96 /* gputest1 */;
			productType = "com.apple.product-type.tool";
		};
/* End PBXNativeTarget section */

/* Begin PBXProject section */
		94AEA3A71B14EE6800D07C96 /* Project object */ = {
			isa = PBXProject;
			attributes = {
				LastUpgradeCheck = 0630;
				ORGANIZATIONNAME = "Chris Nicholas";
				TargetAttributes = {
					94AEA3AE1B14EE6800D07C96 = {
						CreatedOnToolsVersion = 6.3.2;
					};
				};
			};
			buildConfigurationList = 94AEA3AA1B14EE6800D07C96 /* Build configuration list for PBXProject "gputest1" */;
			compatibilityVersion = "Xcode 3.2";
			developmentRegion = English;
			hasScannedForEncodings = 0;
			knownRegions = (
				en,
			);
			mainGroup = 94AEA3A61B14EE6800D07C96;
			productRefGroup = 94AEA3B01B14EE6800D07C96 /* Products */;
			projectDirPath = "";
			projectRoot = "";
			targets = (
				94AEA3AE1B14EE6800D07C96 /* gputest1 */,
			);
		};
/* End PBXProject section */

/* Begin PBXSourcesBuildPhase section */
		94AEA3AB1B14EE6800D07C96 /* Sources */ = {
			isa = PBXSourcesBuildPhase;
			buildActionMask = 2147483647;
			files = (
				941F54D11B29A027004A9C8E /* utils.cpp in Sources */,
				94DBDA391B2AFCE400F1EE69 /* main.cpp.singlekern in Sources */,
				9418CC841B2F7A6800168646 /* main.cpp in Sources */,
			);
			runOnlyForDeploymentPostprocessing = 0;
		};
/* End PBXSourcesBuildPhase section */

/* Begin XCBuildConfiguration section */
		94AEA3B41B14EE6800D07C96 /* Debug */ = {
			isa = XCBuildConfiguration;
			buildSettings = {
				ALWAYS_SEARCH_USER_PATHS = NO;
				CLANG_CXX_LANGUAGE_STANDARD = "gnu++0x";
				CLANG_CXX_LIBRARY = "libc++";
				CLANG_ENABLE_MODULES = YES;
				CLANG_ENABLE_OBJC_ARC = YES;
				CLANG_WARN_BOOL_CONVERSION = YES;
				CLANG_WARN_CONSTANT_CONVERSION = YES;
				CLANG_WARN_DIRECT_OBJC_ISA_USAGE = YES_ERROR;
				CLANG_WARN_EMPTY_BODY = YES;
				CLANG_WARN_ENUM_CONVERSION = YES;
				CLANG_WARN_INT_CONVERSION = YES;
				CLANG_WARN_OBJC_ROOT_CLASS = YES_ERROR;
				CLANG_WARN_UNREACHABLE_CODE = YES;
				CLANG_WARN__DUPLICATE_METHOD_MATCH = YES;
				COPY_PHASE_STRIP = NO;
				DEBUG_INFORMATION_FORMAT = dwarf;
				ENABLE_STRICT_OBJC_MSGSEND = YES;
				GCC_C_LANGUAGE_STANDARD = gnu99;
				GCC_DYNAMIC_NO_PIC = NO;
				GCC_NO_COMMON_BLOCKS = YES;
				GCC_OPTIMIZATION_LEVEL = 0;
				GCC_PREPROCESSOR_DEFINITIONS = (
					"DEBUG=1",
					"$(inherited)",
				);
				GCC_SYMBOLS_PRIVATE_EXTERN = NO;
				GCC_WARN_64_TO_32_BIT_CONVERSION = YES;
				GCC_WARN_ABOUT_RETURN_TYPE = YES_ERROR;
				GCC_WARN_UNDECLARED_SELECTOR = YES;
				GCC_WARN_UNINITIALIZED_AUTOS = YES_AGGRESSIVE;
				GCC_WARN_UNUSED_FUNCTION = YES;
				GCC_WARN_UNUSED_VARIABLE = YES;
				MACOSX_DEPLOYMENT_TARGET = 10.10;
				MTL_ENABLE_DEBUG_INFO = YES;
				ONLY_ACTIVE_ARCH = YES;
				SDKROOT = macosx;
			};
			name = Debug;
		};
		94AEA3B51B14EE6800D07C96 /* Release */ = {
			isa = XCBuildConfiguration;
			buildSettings = {
				ALWAYS_SEARCH_USER_PATHS = NO;
				CLANG_CXX_LANGUAGE_STANDARD = "gnu++0x";
				CLANG_CXX_LIBRARY = "libc++";
				CLANG_ENABLE_MODULES = YES;
				CLANG_ENABLE_OBJC_ARC = YES;
				CLANG_WARN_BOOL_CONVERSION = YES;
				CLANG_WARN_CONSTANT_CONVERSION = YES;
				CLANG_WARN_DIRECT_OBJC_ISA_USAGE = YES_ERROR;
				CLANG_WARN_EMPTY_BODY = YES;
				CLANG_WARN_ENUM_CONVERSION = YES;
				CLANG_WARN_INT_CONVERSION = YES;
				CLANG_WARN_OBJC_ROOT_CLASS = YES_ERROR;
				CLANG_WARN_UNREACHABLE_CODE = YES;
				CLANG_WARN__DUPLICATE_METHOD_MATCH = YES;
				COPY_PHASE_STRIP = NO;
				DEBUG_INFORMATION_FORMAT = "dwarf-with-dsym";
				ENABLE_NS_ASSERTIONS = NO;
				ENABLE_STRICT_OBJC_MSGSEND = YES;
				GCC_C_LANGUAGE_STANDARD = gnu99;
				GCC_NO_COMMON_BLOCKS = YES;
				GCC_WARN_64_TO_32_BIT_CONVERSION = YES;
				GCC_WARN_ABOUT_RETURN_TYPE = YES_ERROR;
				GCC_WARN_UNDECLARED_SELECTOR = YES;
				GCC_WARN_UNINITIALIZED_AUTOS = YES_AGGRESSIVE;
				GCC_WARN_UNUSED_FUNCTION = YES;
				GCC_WARN_UNUSED_VARIABLE = YES;
				MACOSX_DEPLOYMENT_TARGET = 10.10;
				MTL_ENABLE_DEBUG_INFO = NO;
				SDKROOT = macosx;
			};
			name = Release;
		};
		94AEA3B71B14EE6800D07C96 /* Debug */ = {
			isa = XCBuildConfiguration;
			buildSettings = {
				ALWAYS_SEARCH_USER_PATHS = YES;
				"HEADER_SEARCH_PATHS[arch=*]" = (
					"$(inherited)",
					/Applications/Xcode.app/Contents/Developer/Toolchains/XcodeDefault.xctoolchain/usr/include,
					/usr/local/include/,
				);
				"LIBRARY_SEARCH_PATHS[arch=*]" = /usr/local/lib/;
				"OTHER_LDFLAGS[arch=*]" = "-lgdal";
				PRODUCT_NAME = "$(TARGET_NAME)";
				"USER_HEADER_SEARCH_PATHS[arch=*]" = /System/Library/Frameworks/OpenCL.framework/Versions/A/Headers;
			};
			name = Debug;
		};
		94AEA3B81B14EE6800D07C96 /* Release */ = {
			isa = XCBuildConfiguration;
			buildSettings = {
				ALWAYS_SEARCH_USER_PATHS = YES;
				"HEADER_SEARCH_PATHS[arch=*]" = (
					"$(inherited)",
					/Applications/Xcode.app/Contents/Developer/Toolchains/XcodeDefault.xctoolchain/usr/include,
					/usr/local/include/,
				);
				"LIBRARY_SEARCH_PATHS[arch=*]" = /usr/local/lib/;
				"OTHER_LDFLAGS[arch=*]" = "-lgdal";
				PRODUCT_NAME = "$(TARGET_NAME)";
				"USER_HEADER_SEARCH_PATHS[arch=*]" = /System/Library/Frameworks/OpenCL.framework/Versions/A/Headers;
			};
			name = Release;
		};
/* End XCBuildConfiguration section */

/* Begin XCConfigurationList section */
		94AEA3AA1B14EE6800D07C96 /* Build configuration list for PBXProject "gputest1" */ = {
			isa = XCConfigurationList;
			buildConfigurations = (
				94AEA3B41B14EE6800D07C96 /* Debug */,
				94AEA3B51B14EE6800D07C96 /* Release */,
			);
			defaultConfigurationIsVisible = 0;
			defaultConfigurationName = Release;
		};
		94AEA3B61B14EE6800D07C96 /* Build configuration list for PBXNativeTarget "gputest1" */ = {
			isa = XCConfigurationList;
			buildConfigurations = (
				94AEA3B71B14EE6800D07C96 /* Debug */,
				94AEA3B81B14EE6800D07C96 /* Release */,
			);
			defaultConfigurationIsVisible = 0;
			defaultConfigurationName = Release;
		};
/* End XCConfigurationList section */
	};
	rootObject = 94AEA3A71B14EE6800D07C96 /* Project object */;
}
